// !$*UTF8*$!
{
	archiveVersion = 1;
	classes = {
	};
	objectVersion = 56;
	objects = {

/* Begin PBXBuildFile section */
		1F5FFFDF2A8626520009F7C5 /* FarkleSoloApp.swift in Sources */ = {isa = PBXBuildFile; fileRef = 1F5FFFDE2A8626520009F7C5 /* FarkleSoloApp.swift */; };
		1F5FFFE12A8626520009F7C5 /* ContentView.swift in Sources */ = {isa = PBXBuildFile; fileRef = 1F5FFFE02A8626520009F7C5 /* ContentView.swift */; };
		1F5FFFE32A8626550009F7C5 /* Assets.xcassets in Resources */ = {isa = PBXBuildFile; fileRef = 1F5FFFE22A8626550009F7C5 /* Assets.xcassets */; };
		1F5FFFE62A8626550009F7C5 /* Preview Assets.xcassets in Resources */ = {isa = PBXBuildFile; fileRef = 1F5FFFE52A8626550009F7C5 /* Preview Assets.xcassets */; };
		1F5FFFED2A908C820009F7C5 /* MainMenuButton.swift in Sources */ = {isa = PBXBuildFile; fileRef = 1F5FFFEC2A908C820009F7C5 /* MainMenuButton.swift */; };
		1F7574AD2A9099A2006E5943 /* Supfun.otf in Resources */ = {isa = PBXBuildFile; fileRef = 1F7574AC2A9099A2006E5943 /* Supfun.otf */; };
		1F7574B02A909E4A006E5943 /* GameView.swift in Sources */ = {isa = PBXBuildFile; fileRef = 1F7574AF2A909E4A006E5943 /* GameView.swift */; };
		1F7574B22A90B14A006E5943 /* PauseModal.swift in Sources */ = {isa = PBXBuildFile; fileRef = 1F7574B12A90B14A006E5943 /* PauseModal.swift */; };
		1F7574B62A90BC7A006E5943 /* SettingView.swift in Sources */ = {isa = PBXBuildFile; fileRef = 1F7574B52A90BC7A006E5943 /* SettingView.swift */; };
		1F7574B82A90C6AB006E5943 /* User.swift in Sources */ = {isa = PBXBuildFile; fileRef = 1F7574B72A90C6AB006E5943 /* User.swift */; };
		1F7574BB2A90C6D0006E5943 /* Game.swift in Sources */ = {isa = PBXBuildFile; fileRef = 1F7574BA2A90C6D0006E5943 /* Game.swift */; };
		1FE60C1B2A91ADB20003625A /* EndGameModal.swift in Sources */ = {isa = PBXBuildFile; fileRef = 1FE60C1A2A91ADB20003625A /* EndGameModal.swift */; };
		1FE60C1D2A91E5620003625A /* UserNameModal.swift in Sources */ = {isa = PBXBuildFile; fileRef = 1FE60C1C2A91E5620003625A /* UserNameModal.swift */; };
		1FE60C1F2A91EFD20003625A /* GameData.swift in Sources */ = {isa = PBXBuildFile; fileRef = 1FE60C1E2A91EFD20003625A /* GameData.swift */; };
		1FE60C232A91F5410003625A /* LeaderboardView.swift in Sources */ = {isa = PBXBuildFile; fileRef = 1FE60C222A91F5410003625A /* LeaderboardView.swift */; };
		1FE60C252A9210360003625A /* user.json in Resources */ = {isa = PBXBuildFile; fileRef = 1FE60C242A9210360003625A /* user.json */; };
		1FE60C272A933C710003625A /* Test.swift in Sources */ = {isa = PBXBuildFile; fileRef = 1FE60C262A933C710003625A /* Test.swift */; };
		1FE60C292A9340F40003625A /* DiceButton.swift in Sources */ = {isa = PBXBuildFile; fileRef = 1FE60C282A9340F40003625A /* DiceButton.swift */; };
/* End PBXBuildFile section */

/* Begin PBXFileReference section */
		1F5FFFDB2A8626520009F7C5 /* FarkleSolo.app */ = {isa = PBXFileReference; explicitFileType = wrapper.application; includeInIndex = 0; path = FarkleSolo.app; sourceTree = BUILT_PRODUCTS_DIR; };
		1F5FFFDE2A8626520009F7C5 /* FarkleSoloApp.swift */ = {isa = PBXFileReference; lastKnownFileType = sourcecode.swift; path = FarkleSoloApp.swift; sourceTree = "<group>"; };
		1F5FFFE02A8626520009F7C5 /* ContentView.swift */ = {isa = PBXFileReference; lastKnownFileType = sourcecode.swift; path = ContentView.swift; sourceTree = "<group>"; };
		1F5FFFE22A8626550009F7C5 /* Assets.xcassets */ = {isa = PBXFileReference; lastKnownFileType = folder.assetcatalog; path = Assets.xcassets; sourceTree = "<group>"; };
		1F5FFFE52A8626550009F7C5 /* Preview Assets.xcassets */ = {isa = PBXFileReference; lastKnownFileType = folder.assetcatalog; path = "Preview Assets.xcassets"; sourceTree = "<group>"; };
		1F5FFFEC2A908C820009F7C5 /* MainMenuButton.swift */ = {isa = PBXFileReference; lastKnownFileType = sourcecode.swift; path = MainMenuButton.swift; sourceTree = "<group>"; };
		1F7574AC2A9099A2006E5943 /* Supfun.otf */ = {isa = PBXFileReference; lastKnownFileType = file; path = Supfun.otf; sourceTree = "<group>"; };
		1F7574AE2A909AE4006E5943 /* Info.plist */ = {isa = PBXFileReference; lastKnownFileType = text.plist; path = Info.plist; sourceTree = "<group>"; };
		1F7574AF2A909E4A006E5943 /* GameView.swift */ = {isa = PBXFileReference; lastKnownFileType = sourcecode.swift; path = GameView.swift; sourceTree = "<group>"; };
		1F7574B12A90B14A006E5943 /* PauseModal.swift */ = {isa = PBXFileReference; lastKnownFileType = sourcecode.swift; path = PauseModal.swift; sourceTree = "<group>"; };
		1F7574B52A90BC7A006E5943 /* SettingView.swift */ = {isa = PBXFileReference; lastKnownFileType = sourcecode.swift; path = SettingView.swift; sourceTree = "<group>"; };
		1F7574B72A90C6AB006E5943 /* User.swift */ = {isa = PBXFileReference; lastKnownFileType = sourcecode.swift; path = User.swift; sourceTree = "<group>"; };
		1F7574BA2A90C6D0006E5943 /* Game.swift */ = {isa = PBXFileReference; lastKnownFileType = sourcecode.swift; path = Game.swift; sourceTree = "<group>"; };
		1FE60C1A2A91ADB20003625A /* EndGameModal.swift */ = {isa = PBXFileReference; lastKnownFileType = sourcecode.swift; path = EndGameModal.swift; sourceTree = "<group>"; };
		1FE60C1C2A91E5620003625A /* UserNameModal.swift */ = {isa = PBXFileReference; lastKnownFileType = sourcecode.swift; path = UserNameModal.swift; sourceTree = "<group>"; };
		1FE60C1E2A91EFD20003625A /* GameData.swift */ = {isa = PBXFileReference; lastKnownFileType = sourcecode.swift; path = GameData.swift; sourceTree = "<group>"; };
		1FE60C222A91F5410003625A /* LeaderboardView.swift */ = {isa = PBXFileReference; lastKnownFileType = sourcecode.swift; path = LeaderboardView.swift; sourceTree = "<group>"; };
		1FE60C242A9210360003625A /* user.json */ = {isa = PBXFileReference; fileEncoding = 4; lastKnownFileType = text.json; path = user.json; sourceTree = "<group>"; };
		1FE60C262A933C710003625A /* Test.swift */ = {isa = PBXFileReference; lastKnownFileType = sourcecode.swift; path = Test.swift; sourceTree = "<group>"; };
		1FE60C282A9340F40003625A /* DiceButton.swift */ = {isa = PBXFileReference; lastKnownFileType = sourcecode.swift; path = DiceButton.swift; sourceTree = "<group>"; };
/* End PBXFileReference section */

/* Begin PBXFrameworksBuildPhase section */
		1F5FFFD82A8626520009F7C5 /* Frameworks */ = {
			isa = PBXFrameworksBuildPhase;
			buildActionMask = 2147483647;
			files = (
			);
			runOnlyForDeploymentPostprocessing = 0;
		};
/* End PBXFrameworksBuildPhase section */

/* Begin PBXGroup section */
		1F5FFFD22A8626520009F7C5 = {
			isa = PBXGroup;
			children = (
				1F5FFFDD2A8626520009F7C5 /* FarkleSolo */,
				1F5FFFDC2A8626520009F7C5 /* Products */,
			);
			sourceTree = "<group>";
		};
		1F5FFFDC2A8626520009F7C5 /* Products */ = {
			isa = PBXGroup;
			children = (
				1F5FFFDB2A8626520009F7C5 /* FarkleSolo.app */,
			);
			name = Products;
			sourceTree = "<group>";
		};
		1F5FFFDD2A8626520009F7C5 /* FarkleSolo */ = {
			isa = PBXGroup;
			children = (
				1F7574B92A90C6B2006E5943 /* Models */,
				1F7574B42A90B712006E5943 /* Components */,
				1F7574B32A90B6D1006E5943 /* Views */,
				1F7574AE2A909AE4006E5943 /* Info.plist */,
				1F7574AB2A90996E006E5943 /* fonts */,
				1F5FFFDE2A8626520009F7C5 /* FarkleSoloApp.swift */,
				1F5FFFE22A8626550009F7C5 /* Assets.xcassets */,
				1F5FFFE42A8626550009F7C5 /* Preview Content */,
			);
			path = FarkleSolo;
			sourceTree = "<group>";
		};
		1F5FFFE42A8626550009F7C5 /* Preview Content */ = {
			isa = PBXGroup;
			children = (
				1F5FFFE52A8626550009F7C5 /* Preview Assets.xcassets */,
			);
			path = "Preview Content";
			sourceTree = "<group>";
		};
		1F7574AB2A90996E006E5943 /* fonts */ = {
			isa = PBXGroup;
			children = (
				1F7574AC2A9099A2006E5943 /* Supfun.otf */,
			);
			path = fonts;
			sourceTree = "<group>";
		};
		1F7574B32A90B6D1006E5943 /* Views */ = {
			isa = PBXGroup;
			children = (
				1F7574AF2A909E4A006E5943 /* GameView.swift */,
				1F5FFFE02A8626520009F7C5 /* ContentView.swift */,
				1F7574B52A90BC7A006E5943 /* SettingView.swift */,
				1FE60C222A91F5410003625A /* LeaderboardView.swift */,
				1FE60C262A933C710003625A /* Test.swift */,
			);
			path = Views;
			sourceTree = "<group>";
		};
		1F7574B42A90B712006E5943 /* Components */ = {
			isa = PBXGroup;
			children = (
				1F7574B12A90B14A006E5943 /* PauseModal.swift */,
				1F5FFFEC2A908C820009F7C5 /* MainMenuButton.swift */,
				1FE60C1A2A91ADB20003625A /* EndGameModal.swift */,
				1FE60C1C2A91E5620003625A /* UserNameModal.swift */,
				1FE60C282A9340F40003625A /* DiceButton.swift */,
			);
			path = Components;
			sourceTree = "<group>";
		};
		1F7574B92A90C6B2006E5943 /* Models */ = {
			isa = PBXGroup;
			children = (
				1F7574B72A90C6AB006E5943 /* User.swift */,
				1FE60C242A9210360003625A /* user.json */,
				1F7574BA2A90C6D0006E5943 /* Game.swift */,
				1FE60C1E2A91EFD20003625A /* GameData.swift */,
			);
			path = Models;
			sourceTree = "<group>";
		};
/* End PBXGroup section */

/* Begin PBXNativeTarget section */
		1F5FFFDA2A8626520009F7C5 /* FarkleSolo */ = {
			isa = PBXNativeTarget;
			buildConfigurationList = 1F5FFFE92A8626550009F7C5 /* Build configuration list for PBXNativeTarget "FarkleSolo" */;
			buildPhases = (
				1F5FFFD72A8626520009F7C5 /* Sources */,
				1F5FFFD82A8626520009F7C5 /* Frameworks */,
				1F5FFFD92A8626520009F7C5 /* Resources */,
			);
			buildRules = (
			);
			dependencies = (
			);
			name = FarkleSolo;
			productName = FarkleSolo;
			productReference = 1F5FFFDB2A8626520009F7C5 /* FarkleSolo.app */;
			productType = "com.apple.product-type.application";
		};
/* End PBXNativeTarget section */

/* Begin PBXProject section */
		1F5FFFD32A8626520009F7C5 /* Project object */ = {
			isa = PBXProject;
			attributes = {
				BuildIndependentTargetsInParallel = 1;
				LastSwiftUpdateCheck = 1430;
				LastUpgradeCheck = 1430;
				TargetAttributes = {
					1F5FFFDA2A8626520009F7C5 = {
						CreatedOnToolsVersion = 14.3.1;
					};
				};
			};
			buildConfigurationList = 1F5FFFD62A8626520009F7C5 /* Build configuration list for PBXProject "FarkleSolo" */;
			compatibilityVersion = "Xcode 14.0";
			developmentRegion = en;
			hasScannedForEncodings = 0;
			knownRegions = (
				en,
				Base,
			);
			mainGroup = 1F5FFFD22A8626520009F7C5;
			productRefGroup = 1F5FFFDC2A8626520009F7C5 /* Products */;
			projectDirPath = "";
			projectRoot = "";
			targets = (
				1F5FFFDA2A8626520009F7C5 /* FarkleSolo */,
			);
		};
/* End PBXProject section */

/* Begin PBXResourcesBuildPhase section */
		1F5FFFD92A8626520009F7C5 /* Resources */ = {
			isa = PBXResourcesBuildPhase;
			buildActionMask = 2147483647;
			files = (
				1FE60C252A9210360003625A /* user.json in Resources */,
				1F5FFFE62A8626550009F7C5 /* Preview Assets.xcassets in Resources */,
				1F7574AD2A9099A2006E5943 /* Supfun.otf in Resources */,
				1F5FFFE32A8626550009F7C5 /* Assets.xcassets in Resources */,
			);
			runOnlyForDeploymentPostprocessing = 0;
		};
/* End PBXResourcesBuildPhase section */

/* Begin PBXSourcesBuildPhase section */
		1F5FFFD72A8626520009F7C5 /* Sources */ = {
			isa = PBXSourcesBuildPhase;
			buildActionMask = 2147483647;
			files = (
				1F5FFFE12A8626520009F7C5 /* ContentView.swift in Sources */,
				1FE60C1B2A91ADB20003625A /* EndGameModal.swift in Sources */,
				1F5FFFED2A908C820009F7C5 /* MainMenuButton.swift in Sources */,
				1FE60C1D2A91E5620003625A /* UserNameModal.swift in Sources */,
				1FE60C232A91F5410003625A /* LeaderboardView.swift in Sources */,
				1F7574B22A90B14A006E5943 /* PauseModal.swift in Sources */,
				1FE60C272A933C710003625A /* Test.swift in Sources */,
				1FE60C1F2A91EFD20003625A /* GameData.swift in Sources */,
				1F7574B62A90BC7A006E5943 /* SettingView.swift in Sources */,
				1F7574B02A909E4A006E5943 /* GameView.swift in Sources */,
				1F5FFFDF2A8626520009F7C5 /* FarkleSoloApp.swift in Sources */,
				1F7574B82A90C6AB006E5943 /* User.swift in Sources */,
				1FE60C292A9340F40003625A /* DiceButton.swift in Sources */,
				1F7574BB2A90C6D0006E5943 /* Game.swift in Sources */,
			);
			runOnlyForDeploymentPostprocessing = 0;
		};
/* End PBXSourcesBuildPhase section */

/* Begin XCBuildConfiguration section */
		1F5FFFE72A8626550009F7C5 /* Debug */ = {
			isa = XCBuildConfiguration;
			buildSettings = {
				ALWAYS_SEARCH_USER_PATHS = NO;
				CLANG_ANALYZER_NONNULL = YES;
				CLANG_ANALYZER_NUMBER_OBJECT_CONVERSION = YES_AGGRESSIVE;
				CLANG_CXX_LANGUAGE_STANDARD = "gnu++20";
				CLANG_ENABLE_MODULES = YES;
				CLANG_ENABLE_OBJC_ARC = YES;
				CLANG_ENABLE_OBJC_WEAK = YES;
				CLANG_WARN_BLOCK_CAPTURE_AUTORELEASING = YES;
				CLANG_WARN_BOOL_CONVERSION = YES;
				CLANG_WARN_COMMA = YES;
				CLANG_WARN_CONSTANT_CONVERSION = YES;
				CLANG_WARN_DEPRECATED_OBJC_IMPLEMENTATIONS = YES;
				CLANG_WARN_DIRECT_OBJC_ISA_USAGE = YES_ERROR;
				CLANG_WARN_DOCUMENTATION_COMMENTS = YES;
				CLANG_WARN_EMPTY_BODY = YES;
				CLANG_WARN_ENUM_CONVERSION = YES;
				CLANG_WARN_INFINITE_RECURSION = YES;
				CLANG_WARN_INT_CONVERSION = YES;
				CLANG_WARN_NON_LITERAL_NULL_CONVERSION = YES;
				CLANG_WARN_OBJC_IMPLICIT_RETAIN_SELF = YES;
				CLANG_WARN_OBJC_LITERAL_CONVERSION = YES;
				CLANG_WARN_OBJC_ROOT_CLASS = YES_ERROR;
				CLANG_WARN_QUOTED_INCLUDE_IN_FRAMEWORK_HEADER = YES;
				CLANG_WARN_RANGE_LOOP_ANALYSIS = YES;
				CLANG_WARN_STRICT_PROTOTYPES = YES;
				CLANG_WARN_SUSPICIOUS_MOVE = YES;
				CLANG_WARN_UNGUARDED_AVAILABILITY = YES_AGGRESSIVE;
				CLANG_WARN_UNREACHABLE_CODE = YES;
				CLANG_WARN__DUPLICATE_METHOD_MATCH = YES;
				COPY_PHASE_STRIP = NO;
				DEBUG_INFORMATION_FORMAT = dwarf;
				ENABLE_STRICT_OBJC_MSGSEND = YES;
				ENABLE_TESTABILITY = YES;
				GCC_C_LANGUAGE_STANDARD = gnu11;
				GCC_DYNAMIC_NO_PIC = NO;
				GCC_NO_COMMON_BLOCKS = YES;
				GCC_OPTIMIZATION_LEVEL = 0;
				GCC_PREPROCESSOR_DEFINITIONS = (
					"DEBUG=1",
					"$(inherited)",
				);
				GCC_WARN_64_TO_32_BIT_CONVERSION = YES;
				GCC_WARN_ABOUT_RETURN_TYPE = YES_ERROR;
				GCC_WARN_UNDECLARED_SELECTOR = YES;
				GCC_WARN_UNINITIALIZED_AUTOS = YES_AGGRESSIVE;
				GCC_WARN_UNUSED_FUNCTION = YES;
				GCC_WARN_UNUSED_VARIABLE = YES;
				IPHONEOS_DEPLOYMENT_TARGET = 16.4;
				MTL_ENABLE_DEBUG_INFO = INCLUDE_SOURCE;
				MTL_FAST_MATH = YES;
				ONLY_ACTIVE_ARCH = YES;
				SDKROOT = iphoneos;
				SWIFT_ACTIVE_COMPILATION_CONDITIONS = DEBUG;
				SWIFT_OPTIMIZATION_LEVEL = "-Onone";
			};
			name = Debug;
		};
		1F5FFFE82A8626550009F7C5 /* Release */ = {
			isa = XCBuildConfiguration;
			buildSettings = {
				ALWAYS_SEARCH_USER_PATHS = NO;
				CLANG_ANALYZER_NONNULL = YES;
				CLANG_ANALYZER_NUMBER_OBJECT_CONVERSION = YES_AGGRESSIVE;
				CLANG_CXX_LANGUAGE_STANDARD = "gnu++20";
				CLANG_ENABLE_MODULES = YES;
				CLANG_ENABLE_OBJC_ARC = YES;
				CLANG_ENABLE_OBJC_WEAK = YES;
				CLANG_WARN_BLOCK_CAPTURE_AUTORELEASING = YES;
				CLANG_WARN_BOOL_CONVERSION = YES;
				CLANG_WARN_COMMA = YES;
				CLANG_WARN_CONSTANT_CONVERSION = YES;
				CLANG_WARN_DEPRECATED_OBJC_IMPLEMENTATIONS = YES;
				CLANG_WARN_DIRECT_OBJC_ISA_USAGE = YES_ERROR;
				CLANG_WARN_DOCUMENTATION_COMMENTS = YES;
				CLANG_WARN_EMPTY_BODY = YES;
				CLANG_WARN_ENUM_CONVERSION = YES;
				CLANG_WARN_INFINITE_RECURSION = YES;
				CLANG_WARN_INT_CONVERSION = YES;
				CLANG_WARN_NON_LITERAL_NULL_CONVERSION = YES;
				CLANG_WARN_OBJC_IMPLICIT_RETAIN_SELF = YES;
				CLANG_WARN_OBJC_LITERAL_CONVERSION = YES;
				CLANG_WARN_OBJC_ROOT_CLASS = YES_ERROR;
				CLANG_WARN_QUOTED_INCLUDE_IN_FRAMEWORK_HEADER = YES;
				CLANG_WARN_RANGE_LOOP_ANALYSIS = YES;
				CLANG_WARN_STRICT_PROTOTYPES = YES;
				CLANG_WARN_SUSPICIOUS_MOVE = YES;
				CLANG_WARN_UNGUARDED_AVAILABILITY = YES_AGGRESSIVE;
				CLANG_WARN_UNREACHABLE_CODE = YES;
				CLANG_WARN__DUPLICATE_METHOD_MATCH = YES;
				COPY_PHASE_STRIP = NO;
				DEBUG_INFORMATION_FORMAT = "dwarf-with-dsym";
				ENABLE_NS_ASSERTIONS = NO;
				ENABLE_STRICT_OBJC_MSGSEND = YES;
				GCC_C_LANGUAGE_STANDARD = gnu11;
				GCC_NO_COMMON_BLOCKS = YES;
				GCC_WARN_64_TO_32_BIT_CONVERSION = YES;
				GCC_WARN_ABOUT_RETURN_TYPE = YES_ERROR;
				GCC_WARN_UNDECLARED_SELECTOR = YES;
				GCC_WARN_UNINITIALIZED_AUTOS = YES_AGGRESSIVE;
				GCC_WARN_UNUSED_FUNCTION = YES;
				GCC_WARN_UNUSED_VARIABLE = YES;
				IPHONEOS_DEPLOYMENT_TARGET = 16.4;
				MTL_ENABLE_DEBUG_INFO = NO;
				MTL_FAST_MATH = YES;
				SDKROOT = iphoneos;
				SWIFT_COMPILATION_MODE = wholemodule;
				SWIFT_OPTIMIZATION_LEVEL = "-O";
				VALIDATE_PRODUCT = YES;
			};
			name = Release;
		};
		1F5FFFEA2A8626550009F7C5 /* Debug */ = {
			isa = XCBuildConfiguration;
			buildSettings = {
				ASSETCATALOG_COMPILER_APPICON_NAME = AppIcon;
				ASSETCATALOG_COMPILER_GLOBAL_ACCENT_COLOR_NAME = AccentColor;
				CODE_SIGN_STYLE = Automatic;
				CURRENT_PROJECT_VERSION = 1;
				DEVELOPMENT_ASSET_PATHS = "\"FarkleSolo/Preview Content\"";
				DEVELOPMENT_TEAM = 69UD7P5BM6;
				ENABLE_PREVIEWS = YES;
				GENERATE_INFOPLIST_FILE = YES;
				INFOPLIST_FILE = FarkleSolo/Info.plist;
				INFOPLIST_KEY_UIApplicationSceneManifest_Generation = YES;
				INFOPLIST_KEY_UIApplicationSupportsIndirectInputEvents = YES;
				INFOPLIST_KEY_UILaunchScreen_Generation = YES;
				INFOPLIST_KEY_UISupportedInterfaceOrientations = UIInterfaceOrientationPortrait;
				LD_RUNPATH_SEARCH_PATHS = (
					"$(inherited)",
					"@executable_path/Frameworks",
				);
				MARKETING_VERSION = 1.0;
				PRODUCT_BUNDLE_IDENTIFIER = com.kythanh.FarkleSolo;
				PRODUCT_NAME = "$(TARGET_NAME)";
				SWIFT_EMIT_LOC_STRINGS = YES;
				SWIFT_VERSION = 5.0;
				TARGETED_DEVICE_FAMILY = "1,2";
			};
			name = Debug;
		};
		1F5FFFEB2A8626550009F7C5 /* Release */ = {
			isa = XCBuildConfiguration;
			buildSettings = {
				ASSETCATALOG_COMPILER_APPICON_NAME = AppIcon;
				ASSETCATALOG_COMPILER_GLOBAL_ACCENT_COLOR_NAME = AccentColor;
				CODE_SIGN_STYLE = Automatic;
				CURRENT_PROJECT_VERSION = 1;
				DEVELOPMENT_ASSET_PATHS = "\"FarkleSolo/Preview Content\"";
				DEVELOPMENT_TEAM = 69UD7P5BM6;
				ENABLE_PREVIEWS = YES;
				GENERATE_INFOPLIST_FILE = YES;
				INFOPLIST_FILE = FarkleSolo/Info.plist;
				INFOPLIST_KEY_UIApplicationSceneManifest_Generation = YES;
				INFOPLIST_KEY_UIApplicationSupportsIndirectInputEvents = YES;
				INFOPLIST_KEY_UILaunchScreen_Generation = YES;
				INFOPLIST_KEY_UISupportedInterfaceOrientations = UIInterfaceOrientationPortrait;
				LD_RUNPATH_SEARCH_PATHS = (
					"$(inherited)",
					"@executable_path/Frameworks",
				);
				MARKETING_VERSION = 1.0;
				PRODUCT_BUNDLE_IDENTIFIER = com.kythanh.FarkleSolo;
				PRODUCT_NAME = "$(TARGET_NAME)";
				SWIFT_EMIT_LOC_STRINGS = YES;
				SWIFT_VERSION = 5.0;
				TARGETED_DEVICE_FAMILY = "1,2";
			};
			name = Release;
		};
/* End XCBuildConfiguration section */

/* Begin XCConfigurationList section */
		1F5FFFD62A8626520009F7C5 /* Build configuration list for PBXProject "FarkleSolo" */ = {
			isa = XCConfigurationList;
			buildConfigurations = (
				1F5FFFE72A8626550009F7C5 /* Debug */,
				1F5FFFE82A8626550009F7C5 /* Release */,
			);
			defaultConfigurationIsVisible = 0;
			defaultConfigurationName = Release;
		};
		1F5FFFE92A8626550009F7C5 /* Build configuration list for PBXNativeTarget "FarkleSolo" */ = {
			isa = XCConfigurationList;
			buildConfigurations = (
				1F5FFFEA2A8626550009F7C5 /* Debug */,
				1F5FFFEB2A8626550009F7C5 /* Release */,
			);
			defaultConfigurationIsVisible = 0;
			defaultConfigurationName = Release;
		};
/* End XCConfigurationList section */
	};
	rootObject = 1F5FFFD32A8626520009F7C5 /* Project object */;
}
